
Microsoft Visual Studio Solution File, Format Version 12.00
# Visual Studio 14
VisualStudioVersion = 14.0.25420.1
MinimumVisualStudioVersion = 10.0.40219.1
Project("{2150E333-8FDC-42A3-9474-1A3956D46DE8}") = "src", "src", "{0C3F69C8-0967-4FBD-81E4-154A35F1973C}"
EndProject
Project("{2150E333-8FDC-42A3-9474-1A3956D46DE8}") = "Solution Items", "Solution Items", "{E7576B89-CB3C-4EE4-A204-46C3AD2B0BD0}"
	ProjectSection(SolutionItems) = preProject
		global.json = global.json
	EndProjectSection
EndProject
Project("{8BB2217D-0F2D-49D1-97BC-3654ED321F3B}") = "TestCoreWebApi", "src\TestCoreWebApi\TestCoreWebApi.xproj", "{BEAFECF7-C8D9-4183-91E2-B04E5BFDEBD3}"
EndProject
Global
	GlobalSection(SolutionConfigurationPlatforms) = preSolution
		Debug|Any CPU = Debug|Any CPU
		Release|Any CPU = Release|Any CPU
	EndGlobalSection
	GlobalSection(ProjectConfigurationPlatforms) = postSolution
		{BEAFECF7-C8D9-4183-91E2-B04E5BFDEBD3}.Debug|Any CPU.ActiveCfg = Debug|Any CPU
		{BEAFECF7-C8D9-4183-91E2-B04E5BFDEBD3}.Debug|Any CPU.Build.0 = Debug|Any CPU
		{BEAFECF7-C8D9-4183-91E2-B04E5BFDEBD3}.Release|Any CPU.ActiveCfg = Release|Any CPU
		{BEAFECF7-C8D9-4183-91E2-B04E5BFDEBD3}.Release|Any CPU.Build.0 = Release|Any CPU
	EndGlobalSection
	GlobalSection(SolutionProperties) = preSolution
		HideSolutionNode = FALSE
	EndGlobalSection
	GlobalSection(NestedProjects) = preSolution
		{BEAFECF7-C8D9-4183-91E2-B04E5BFDEBD3} = {0C3F69C8-0967-4FBD-81E4-154A35F1973C}
	EndGlobalSection
EndGlobal
